// !$*UTF8*$!
{
	archiveVersion = 1;
	classes = {
	};
	objectVersion = 54;
	objects = {

/* Begin PBXBuildFile section */
		6A1EC8D82B0E113B00B91CA1 /* SubmitButton.swift in Sources */ = {isa = PBXBuildFile; fileRef = 6A1EC8D72B0E113B00B91CA1 /* SubmitButton.swift */; };
		6A1EC8DA2B0E118500B91CA1 /* FormScreenViewController.swift in Sources */ = {isa = PBXBuildFile; fileRef = 6A1EC8D92B0E118500B91CA1 /* FormScreenViewController.swift */; };
		6A2F8E442B03BA5100D05A14 /* AppDelegate.swift in Sources */ = {isa = PBXBuildFile; fileRef = 6A2F8E432B03BA5100D05A14 /* AppDelegate.swift */; };
		6A2F8E462B03BA5100D05A14 /* MainScreenViewController.swift in Sources */ = {isa = PBXBuildFile; fileRef = 6A2F8E452B03BA5100D05A14 /* MainScreenViewController.swift */; };
		6A2F8E4B2B03BA5200D05A14 /* Assets.xcassets in Resources */ = {isa = PBXBuildFile; fileRef = 6A2F8E4A2B03BA5200D05A14 /* Assets.xcassets */; };
		6A2F8E4E2B03BA5200D05A14 /* LaunchScreen.storyboard in Resources */ = {isa = PBXBuildFile; fileRef = 6A2F8E4C2B03BA5200D05A14 /* LaunchScreen.storyboard */; };
		6A321CEE2B1DE6A900219D87 /* CollectionViewCell.swift in Sources */ = {isa = PBXBuildFile; fileRef = 6A321CED2B1DE6A800219D87 /* CollectionViewCell.swift */; };
		6A3ED13D2B0CF6FA006B2803 /* UIFont+.swift in Sources */ = {isa = PBXBuildFile; fileRef = 6A3ED13A2B0CF6FA006B2803 /* UIFont+.swift */; };
		6A3ED13E2B0CF6FA006B2803 /* UIImage+.swift in Sources */ = {isa = PBXBuildFile; fileRef = 6A3ED13B2B0CF6FA006B2803 /* UIImage+.swift */; };
		6A3ED13F2B0CF6FA006B2803 /* UIColor+.swift in Sources */ = {isa = PBXBuildFile; fileRef = 6A3ED13C2B0CF6FA006B2803 /* UIColor+.swift */; };
		6A3ED1412B0CF985006B2803 /* Pacifico-Regular.ttf in Resources */ = {isa = PBXBuildFile; fileRef = 6A3ED1402B0CF985006B2803 /* Pacifico-Regular.ttf */; };
		6AA6AAA42B06468500792F80 /* MenuButton.swift in Sources */ = {isa = PBXBuildFile; fileRef = 6AA6AAA32B06468500792F80 /* MenuButton.swift */; };
		A79ADB322B345479001D052D /* MainScreenRouter.swift in Sources */ = {isa = PBXBuildFile; fileRef = A79ADB312B345479001D052D /* MainScreenRouter.swift */; };
		A7DE85712BA4F990004A9064 /* SVGKit in Frameworks */ = {isa = PBXBuildFile; productRef = A7DE85702BA4F990004A9064 /* SVGKit */; };
		A7DE85732BA4F990004A9064 /* SVGKitSwift in Frameworks */ = {isa = PBXBuildFile; productRef = A7DE85722BA4F990004A9064 /* SVGKitSwift */; };
		A7EBEBF32B3987AD00DCE047 /* FairyTaleScreenController.swift in Sources */ = {isa = PBXBuildFile; fileRef = A7EBEBF22B3987AD00DCE047 /* FairyTaleScreenController.swift */; };
		A7EBEBF52B3987C100DCE047 /* FairyTaleScreenRouter.swift in Sources */ = {isa = PBXBuildFile; fileRef = A7EBEBF42B3987C100DCE047 /* FairyTaleScreenRouter.swift */; };
/* End PBXBuildFile section */

/* Begin PBXFileReference section */
		6A1EC8D72B0E113B00B91CA1 /* SubmitButton.swift */ = {isa = PBXFileReference; lastKnownFileType = sourcecode.swift; path = SubmitButton.swift; sourceTree = "<group>"; };
		6A1EC8D92B0E118500B91CA1 /* FormScreenViewController.swift */ = {isa = PBXFileReference; lastKnownFileType = sourcecode.swift; path = FormScreenViewController.swift; sourceTree = "<group>"; };
		6A2F8E402B03BA5100D05A14 /* fablescope.app */ = {isa = PBXFileReference; explicitFileType = wrapper.application; includeInIndex = 0; path = fablescope.app; sourceTree = BUILT_PRODUCTS_DIR; };
		6A2F8E432B03BA5100D05A14 /* AppDelegate.swift */ = {isa = PBXFileReference; lastKnownFileType = sourcecode.swift; path = AppDelegate.swift; sourceTree = "<group>"; };
		6A2F8E452B03BA5100D05A14 /* MainScreenViewController.swift */ = {isa = PBXFileReference; lastKnownFileType = sourcecode.swift; path = MainScreenViewController.swift; sourceTree = "<group>"; };
		6A2F8E4A2B03BA5200D05A14 /* Assets.xcassets */ = {isa = PBXFileReference; lastKnownFileType = folder.assetcatalog; path = Assets.xcassets; sourceTree = "<group>"; };
		6A2F8E4D2B03BA5200D05A14 /* Base */ = {isa = PBXFileReference; lastKnownFileType = file.storyboard; name = Base; path = Base.lproj/LaunchScreen.storyboard; sourceTree = "<group>"; };
		6A2F8E4F2B03BA5200D05A14 /* Info.plist */ = {isa = PBXFileReference; lastKnownFileType = text.plist.xml; path = Info.plist; sourceTree = "<group>"; };
		6A321CED2B1DE6A800219D87 /* CollectionViewCell.swift */ = {isa = PBXFileReference; lastKnownFileType = sourcecode.swift; path = CollectionViewCell.swift; sourceTree = "<group>"; };
		6A3ED13A2B0CF6FA006B2803 /* UIFont+.swift */ = {isa = PBXFileReference; fileEncoding = 4; lastKnownFileType = sourcecode.swift; path = "UIFont+.swift"; sourceTree = "<group>"; };
		6A3ED13B2B0CF6FA006B2803 /* UIImage+.swift */ = {isa = PBXFileReference; fileEncoding = 4; lastKnownFileType = sourcecode.swift; path = "UIImage+.swift"; sourceTree = "<group>"; };
		6A3ED13C2B0CF6FA006B2803 /* UIColor+.swift */ = {isa = PBXFileReference; fileEncoding = 4; lastKnownFileType = sourcecode.swift; path = "UIColor+.swift"; sourceTree = "<group>"; };
		6A3ED1402B0CF985006B2803 /* Pacifico-Regular.ttf */ = {isa = PBXFileReference; lastKnownFileType = file; path = "Pacifico-Regular.ttf"; sourceTree = "<group>"; };
		6AA6AAA32B06468500792F80 /* MenuButton.swift */ = {isa = PBXFileReference; lastKnownFileType = sourcecode.swift; path = MenuButton.swift; sourceTree = "<group>"; };
		A79ADB312B345479001D052D /* MainScreenRouter.swift */ = {isa = PBXFileReference; lastKnownFileType = sourcecode.swift; path = MainScreenRouter.swift; sourceTree = "<group>"; };
		A7EBEBF22B3987AD00DCE047 /* FairyTaleScreenController.swift */ = {isa = PBXFileReference; lastKnownFileType = sourcecode.swift; path = FairyTaleScreenController.swift; sourceTree = "<group>"; };
		A7EBEBF42B3987C100DCE047 /* FairyTaleScreenRouter.swift */ = {isa = PBXFileReference; lastKnownFileType = sourcecode.swift; path = FairyTaleScreenRouter.swift; sourceTree = "<group>"; };
/* End PBXFileReference section */

/* Begin PBXFrameworksBuildPhase section */
		6A2F8E3D2B03BA5100D05A14 /* Frameworks */ = {
			isa = PBXFrameworksBuildPhase;
			buildActionMask = 2147483647;
			files = (
				A7DE85732BA4F990004A9064 /* SVGKitSwift in Frameworks */,
				A7DE85712BA4F990004A9064 /* SVGKit in Frameworks */,
			);
			runOnlyForDeploymentPostprocessing = 0;
		};
/* End PBXFrameworksBuildPhase section */

/* Begin PBXGroup section */
		6A1EC8D42B0E0FFF00B91CA1 /* Form Screen */ = {
			isa = PBXGroup;
			children = (
				6A1EC8D92B0E118500B91CA1 /* FormScreenViewController.swift */,
				6A321CED2B1DE6A800219D87 /* CollectionViewCell.swift */,
				6A1EC8D72B0E113B00B91CA1 /* SubmitButton.swift */,
			);
			path = "Form Screen";
			sourceTree = "<group>";
		};
		6A2F8E372B03BA5100D05A14 = {
			isa = PBXGroup;
			children = (
				6A2F8E422B03BA5100D05A14 /* fablescope */,
				6A2F8E412B03BA5100D05A14 /* Products */,
			);
			sourceTree = "<group>";
		};
		6A2F8E412B03BA5100D05A14 /* Products */ = {
			isa = PBXGroup;
			children = (
				6A2F8E402B03BA5100D05A14 /* fablescope.app */,
			);
			name = Products;
			sourceTree = "<group>";
		};
		6A2F8E422B03BA5100D05A14 /* fablescope */ = {
			isa = PBXGroup;
			children = (
				6A3ED1392B0CF6FA006B2803 /* Extensions */,
				6A3ED1342B0C066E006B2803 /* Fonts */,
				6A2F8E432B03BA5100D05A14 /* AppDelegate.swift */,
				A7EBEBF12B39872100DCE047 /* Fairy Tale Screen */,
				6A1EC8D42B0E0FFF00B91CA1 /* Form Screen */,
				6AA6AAA52B065FB000792F80 /* Main Screen */,
				6A2F8E4A2B03BA5200D05A14 /* Assets.xcassets */,
				6A2F8E4C2B03BA5200D05A14 /* LaunchScreen.storyboard */,
				6A2F8E4F2B03BA5200D05A14 /* Info.plist */,
			);
			path = fablescope;
			sourceTree = "<group>";
		};
		6A3ED1342B0C066E006B2803 /* Fonts */ = {
			isa = PBXGroup;
			children = (
				6A3ED1402B0CF985006B2803 /* Pacifico-Regular.ttf */,
			);
			path = Fonts;
			sourceTree = "<group>";
		};
		6A3ED1392B0CF6FA006B2803 /* Extensions */ = {
			isa = PBXGroup;
			children = (
				6A3ED13A2B0CF6FA006B2803 /* UIFont+.swift */,
				6A3ED13B2B0CF6FA006B2803 /* UIImage+.swift */,
				6A3ED13C2B0CF6FA006B2803 /* UIColor+.swift */,
			);
			path = Extensions;
			sourceTree = "<group>";
		};
		6AA6AAA52B065FB000792F80 /* Main Screen */ = {
			isa = PBXGroup;
			children = (
				6A2F8E452B03BA5100D05A14 /* MainScreenViewController.swift */,
				6AA6AAA32B06468500792F80 /* MenuButton.swift */,
				A79ADB312B345479001D052D /* MainScreenRouter.swift */,
			);
			path = "Main Screen";
			sourceTree = "<group>";
		};
		A7EBEBF12B39872100DCE047 /* Fairy Tale Screen */ = {
			isa = PBXGroup;
			children = (
				A7EBEBF22B3987AD00DCE047 /* FairyTaleScreenController.swift */,
				A7EBEBF42B3987C100DCE047 /* FairyTaleScreenRouter.swift */,
			);
			path = "Fairy Tale Screen";
			sourceTree = "<group>";
		};
/* End PBXGroup section */

/* Begin PBXNativeTarget section */
		6A2F8E3F2B03BA5100D05A14 /* fablescope */ = {
			isa = PBXNativeTarget;
			buildConfigurationList = 6A2F8E522B03BA5200D05A14 /* Build configuration list for PBXNativeTarget "fablescope" */;
			buildPhases = (
				6A2F8E3C2B03BA5100D05A14 /* Sources */,
				6A2F8E3D2B03BA5100D05A14 /* Frameworks */,
				6A2F8E3E2B03BA5100D05A14 /* Resources */,
				6A3ED1422B0D0C47006B2803 /* ShellScript */,
			);
			buildRules = (
			);
			dependencies = (
			);
			name = fablescope;
			packageProductDependencies = (
				A7DE85702BA4F990004A9064 /* SVGKit */,
				A7DE85722BA4F990004A9064 /* SVGKitSwift */,
			);
			productName = fablescope;
			productReference = 6A2F8E402B03BA5100D05A14 /* fablescope.app */;
			productType = "com.apple.product-type.application";
		};
/* End PBXNativeTarget section */

/* Begin PBXProject section */
		6A2F8E382B03BA5100D05A14 /* Project object */ = {
			isa = PBXProject;
			attributes = {
				LastSwiftUpdateCheck = 1030;
				LastUpgradeCheck = 1030;
				ORGANIZATIONNAME = repCo;
				TargetAttributes = {
					6A2F8E3F2B03BA5100D05A14 = {
						CreatedOnToolsVersion = 10.3;
					};
				};
			};
			buildConfigurationList = 6A2F8E3B2B03BA5100D05A14 /* Build configuration list for PBXProject "fablescope" */;
			compatibilityVersion = "Xcode 9.3";
			developmentRegion = en;
			hasScannedForEncodings = 0;
			knownRegions = (
				en,
				Base,
			);
			mainGroup = 6A2F8E372B03BA5100D05A14;
			packageReferences = (
				A7DE856F2BA4F98F004A9064 /* XCRemoteSwiftPackageReference "SVGKit" */,
			);
			productRefGroup = 6A2F8E412B03BA5100D05A14 /* Products */;
			projectDirPath = "";
			projectRoot = "";
			targets = (
				6A2F8E3F2B03BA5100D05A14 /* fablescope */,
			);
		};
/* End PBXProject section */

/* Begin PBXResourcesBuildPhase section */
		6A2F8E3E2B03BA5100D05A14 /* Resources */ = {
			isa = PBXResourcesBuildPhase;
			buildActionMask = 2147483647;
			files = (
				6A3ED1412B0CF985006B2803 /* Pacifico-Regular.ttf in Resources */,
				6A2F8E4E2B03BA5200D05A14 /* LaunchScreen.storyboard in Resources */,
				6A2F8E4B2B03BA5200D05A14 /* Assets.xcassets in Resources */,
			);
			runOnlyForDeploymentPostprocessing = 0;
		};
/* End PBXResourcesBuildPhase section */

/* Begin PBXShellScriptBuildPhase section */
		6A3ED1422B0D0C47006B2803 /* ShellScript */ = {
			isa = PBXShellScriptBuildPhase;
			buildActionMask = 2147483647;
			files = (
			);
			inputFileListPaths = (
			);
			inputPaths = (
			);
			outputFileListPaths = (
			);
			outputPaths = (
			);
			runOnlyForDeploymentPostprocessing = 0;
			shellPath = /bin/sh;
			shellScript = "if which swiftlint > /dev/null; then\nswiftlint\nelse echo \"warning: SwiftLint not installed, download from https://github.com/realm/SwiftLint\"\nfi\n";
		};
/* End PBXShellScriptBuildPhase section */

/* Begin PBXSourcesBuildPhase section */
		6A2F8E3C2B03BA5100D05A14 /* Sources */ = {
			isa = PBXSourcesBuildPhase;
			buildActionMask = 2147483647;
			files = (
				6A3ED13D2B0CF6FA006B2803 /* UIFont+.swift in Sources */,
				6A1EC8D82B0E113B00B91CA1 /* SubmitButton.swift in Sources */,
				6A321CEE2B1DE6A900219D87 /* CollectionViewCell.swift in Sources */,
				6AA6AAA42B06468500792F80 /* MenuButton.swift in Sources */,
				A79ADB322B345479001D052D /* MainScreenRouter.swift in Sources */,
				6A3ED13E2B0CF6FA006B2803 /* UIImage+.swift in Sources */,
				6A2F8E462B03BA5100D05A14 /* MainScreenViewController.swift in Sources */,
				A7EBEBF52B3987C100DCE047 /* FairyTaleScreenRouter.swift in Sources */,
				6A1EC8DA2B0E118500B91CA1 /* FormScreenViewController.swift in Sources */,
				6A2F8E442B03BA5100D05A14 /* AppDelegate.swift in Sources */,
				A7EBEBF32B3987AD00DCE047 /* FairyTaleScreenController.swift in Sources */,
				6A3ED13F2B0CF6FA006B2803 /* UIColor+.swift in Sources */,
			);
			runOnlyForDeploymentPostprocessing = 0;
		};
/* End PBXSourcesBuildPhase section */

/* Begin PBXVariantGroup section */
		6A2F8E4C2B03BA5200D05A14 /* LaunchScreen.storyboard */ = {
			isa = PBXVariantGroup;
			children = (
				6A2F8E4D2B03BA5200D05A14 /* Base */,
			);
			name = LaunchScreen.storyboard;
			sourceTree = "<group>";
		};
/* End PBXVariantGroup section */

/* Begin XCBuildConfiguration section */
		6A2F8E502B03BA5200D05A14 /* Debug */ = {
			isa = XCBuildConfiguration;
			buildSettings = {
				ALWAYS_SEARCH_USER_PATHS = NO;
				CLANG_ANALYZER_NONNULL = YES;
				CLANG_ANALYZER_NUMBER_OBJECT_CONVERSION = YES_AGGRESSIVE;
				CLANG_CXX_LANGUAGE_STANDARD = "gnu++14";
				CLANG_CXX_LIBRARY = "libc++";
				CLANG_ENABLE_MODULES = YES;
				CLANG_ENABLE_OBJC_ARC = YES;
				CLANG_ENABLE_OBJC_WEAK = YES;
				CLANG_WARN_BLOCK_CAPTURE_AUTORELEASING = YES;
				CLANG_WARN_BOOL_CONVERSION = YES;
				CLANG_WARN_COMMA = YES;
				CLANG_WARN_CONSTANT_CONVERSION = YES;
				CLANG_WARN_DEPRECATED_OBJC_IMPLEMENTATIONS = YES;
				CLANG_WARN_DIRECT_OBJC_ISA_USAGE = YES_ERROR;
				CLANG_WARN_DOCUMENTATION_COMMENTS = YES;
				CLANG_WARN_EMPTY_BODY = YES;
				CLANG_WARN_ENUM_CONVERSION = YES;
				CLANG_WARN_INFINITE_RECURSION = YES;
				CLANG_WARN_INT_CONVERSION = YES;
				CLANG_WARN_NON_LITERAL_NULL_CONVERSION = YES;
				CLANG_WARN_OBJC_IMPLICIT_RETAIN_SELF = YES;
				CLANG_WARN_OBJC_LITERAL_CONVERSION = YES;
				CLANG_WARN_OBJC_ROOT_CLASS = YES_ERROR;
				CLANG_WARN_RANGE_LOOP_ANALYSIS = YES;
				CLANG_WARN_STRICT_PROTOTYPES = YES;
				CLANG_WARN_SUSPICIOUS_MOVE = YES;
				CLANG_WARN_UNGUARDED_AVAILABILITY = YES_AGGRESSIVE;
				CLANG_WARN_UNREACHABLE_CODE = YES;
				CLANG_WARN__DUPLICATE_METHOD_MATCH = YES;
				CODE_SIGN_IDENTITY = "iPhone Developer";
				COPY_PHASE_STRIP = NO;
				DEBUG_INFORMATION_FORMAT = dwarf;
				ENABLE_STRICT_OBJC_MSGSEND = YES;
				ENABLE_TESTABILITY = YES;
				GCC_C_LANGUAGE_STANDARD = gnu11;
				GCC_DYNAMIC_NO_PIC = NO;
				GCC_NO_COMMON_BLOCKS = YES;
				GCC_OPTIMIZATION_LEVEL = 0;
				GCC_PREPROCESSOR_DEFINITIONS = (
					"DEBUG=1",
					"$(inherited)",
				);
				GCC_WARN_64_TO_32_BIT_CONVERSION = YES;
				GCC_WARN_ABOUT_RETURN_TYPE = YES_ERROR;
				GCC_WARN_UNDECLARED_SELECTOR = YES;
				GCC_WARN_UNINITIALIZED_AUTOS = YES_AGGRESSIVE;
				GCC_WARN_UNUSED_FUNCTION = YES;
				GCC_WARN_UNUSED_VARIABLE = YES;
				IPHONEOS_DEPLOYMENT_TARGET = 12.4;
				MTL_ENABLE_DEBUG_INFO = INCLUDE_SOURCE;
				MTL_FAST_MATH = YES;
				ONLY_ACTIVE_ARCH = YES;
				SDKROOT = iphoneos;
				SWIFT_ACTIVE_COMPILATION_CONDITIONS = DEBUG;
				SWIFT_OPTIMIZATION_LEVEL = "-Onone";
			};
			name = Debug;
		};
		6A2F8E512B03BA5200D05A14 /* Release */ = {
			isa = XCBuildConfiguration;
			buildSettings = {
				ALWAYS_SEARCH_USER_PATHS = NO;
				CLANG_ANALYZER_NONNULL = YES;
				CLANG_ANALYZER_NUMBER_OBJECT_CONVERSION = YES_AGGRESSIVE;
				CLANG_CXX_LANGUAGE_STANDARD = "gnu++14";
				CLANG_CXX_LIBRARY = "libc++";
				CLANG_ENABLE_MODULES = YES;
				CLANG_ENABLE_OBJC_ARC = YES;
				CLANG_ENABLE_OBJC_WEAK = YES;
				CLANG_WARN_BLOCK_CAPTURE_AUTORELEASING = YES;
				CLANG_WARN_BOOL_CONVERSION = YES;
				CLANG_WARN_COMMA = YES;
				CLANG_WARN_CONSTANT_CONVERSION = YES;
				CLANG_WARN_DEPRECATED_OBJC_IMPLEMENTATIONS = YES;
				CLANG_WARN_DIRECT_OBJC_ISA_USAGE = YES_ERROR;
				CLANG_WARN_DOCUMENTATION_COMMENTS = YES;
				CLANG_WARN_EMPTY_BODY = YES;
				CLANG_WARN_ENUM_CONVERSION = YES;
				CLANG_WARN_INFINITE_RECURSION = YES;
				CLANG_WARN_INT_CONVERSION = YES;
				CLANG_WARN_NON_LITERAL_NULL_CONVERSION = YES;
				CLANG_WARN_OBJC_IMPLICIT_RETAIN_SELF = YES;
				CLANG_WARN_OBJC_LITERAL_CONVERSION = YES;
				CLANG_WARN_OBJC_ROOT_CLASS = YES_ERROR;
				CLANG_WARN_RANGE_LOOP_ANALYSIS = YES;
				CLANG_WARN_STRICT_PROTOTYPES = YES;
				CLANG_WARN_SUSPICIOUS_MOVE = YES;
				CLANG_WARN_UNGUARDED_AVAILABILITY = YES_AGGRESSIVE;
				CLANG_WARN_UNREACHABLE_CODE = YES;
				CLANG_WARN__DUPLICATE_METHOD_MATCH = YES;
				CODE_SIGN_IDENTITY = "iPhone Developer";
				COPY_PHASE_STRIP = NO;
				DEBUG_INFORMATION_FORMAT = "dwarf-with-dsym";
				ENABLE_NS_ASSERTIONS = NO;
				ENABLE_STRICT_OBJC_MSGSEND = YES;
				GCC_C_LANGUAGE_STANDARD = gnu11;
				GCC_NO_COMMON_BLOCKS = YES;
				GCC_WARN_64_TO_32_BIT_CONVERSION = YES;
				GCC_WARN_ABOUT_RETURN_TYPE = YES_ERROR;
				GCC_WARN_UNDECLARED_SELECTOR = YES;
				GCC_WARN_UNINITIALIZED_AUTOS = YES_AGGRESSIVE;
				GCC_WARN_UNUSED_FUNCTION = YES;
				GCC_WARN_UNUSED_VARIABLE = YES;
				IPHONEOS_DEPLOYMENT_TARGET = 12.4;
				MTL_ENABLE_DEBUG_INFO = NO;
				MTL_FAST_MATH = YES;
				SDKROOT = iphoneos;
				SWIFT_COMPILATION_MODE = wholemodule;
				SWIFT_OPTIMIZATION_LEVEL = "-O";
				VALIDATE_PRODUCT = YES;
			};
			name = Release;
		};
		6A2F8E532B03BA5200D05A14 /* Debug */ = {
			isa = XCBuildConfiguration;
			buildSettings = {
				ASSETCATALOG_COMPILER_APPICON_NAME = AppIcon;
				CODE_SIGN_STYLE = Automatic;
				DEVELOPMENT_TEAM = UDYPUR45W9;
				INFOPLIST_FILE = fablescope/Info.plist;
				IPHONEOS_DEPLOYMENT_TARGET = 13.0;
				LD_RUNPATH_SEARCH_PATHS = (
					"$(inherited)",
					"@executable_path/Frameworks",
				);
				PRODUCT_BUNDLE_IDENTIFIER = ru.123.fablescope;
				PRODUCT_NAME = "$(TARGET_NAME)";
				SWIFT_VERSION = 5.0;
				TARGETED_DEVICE_FAMILY = "1,2";
			};
			name = Debug;
		};
		6A2F8E542B03BA5200D05A14 /* Release */ = {
			isa = XCBuildConfiguration;
			buildSettings = {
				ASSETCATALOG_COMPILER_APPICON_NAME = AppIcon;
				CODE_SIGN_STYLE = Automatic;
				DEVELOPMENT_TEAM = UDYPUR45W9;
				INFOPLIST_FILE = fablescope/Info.plist;
				IPHONEOS_DEPLOYMENT_TARGET = 13.0;
				LD_RUNPATH_SEARCH_PATHS = (
					"$(inherited)",
					"@executable_path/Frameworks",
				);
				PRODUCT_BUNDLE_IDENTIFIER = ru.123.fablescope;
				PRODUCT_NAME = "$(TARGET_NAME)";
				SWIFT_VERSION = 5.0;
				TARGETED_DEVICE_FAMILY = "1,2";
			};
			name = Release;
		};
/* End XCBuildConfiguration section */

/* Begin XCConfigurationList section */
		6A2F8E3B2B03BA5100D05A14 /* Build configuration list for PBXProject "fablescope" */ = {
			isa = XCConfigurationList;
			buildConfigurations = (
				6A2F8E502B03BA5200D05A14 /* Debug */,
				6A2F8E512B03BA5200D05A14 /* Release */,
			);
			defaultConfigurationIsVisible = 0;
			defaultConfigurationName = Release;
		};
		6A2F8E522B03BA5200D05A14 /* Build configuration list for PBXNativeTarget "fablescope" */ = {
			isa = XCConfigurationList;
			buildConfigurations = (
				6A2F8E532B03BA5200D05A14 /* Debug */,
				6A2F8E542B03BA5200D05A14 /* Release */,
			);
			defaultConfigurationIsVisible = 0;
			defaultConfigurationName = Release;
		};
/* End XCConfigurationList section */

/* Begin XCRemoteSwiftPackageReference section */
		A7DE856F2BA4F98F004A9064 /* XCRemoteSwiftPackageReference "SVGKit" */ = {
			isa = XCRemoteSwiftPackageReference;
			repositoryURL = "https://github.com/SVGKit/SVGKit";
			requirement = {
				kind = exactVersion;
				version = 3.0.0;
			};
		};
/* End XCRemoteSwiftPackageReference section */

/* Begin XCSwiftPackageProductDependency section */
		A7DE85702BA4F990004A9064 /* SVGKit */ = {
			isa = XCSwiftPackageProductDependency;
			package = A7DE856F2BA4F98F004A9064 /* XCRemoteSwiftPackageReference "SVGKit" */;
			productName = SVGKit;
		};
		A7DE85722BA4F990004A9064 /* SVGKitSwift */ = {
			isa = XCSwiftPackageProductDependency;
			package = A7DE856F2BA4F98F004A9064 /* XCRemoteSwiftPackageReference "SVGKit" */;
			productName = SVGKitSwift;
		};
/* End XCSwiftPackageProductDependency section */
	};
	rootObject = 6A2F8E382B03BA5100D05A14 /* Project object */;
}
